// !$*UTF8*$!
{
	archiveVersion = 1;
	classes = {
	};
	objectVersion = 50;
	objects = {

/* Begin PBXBuildFile section */
		AD444277239F9AF00044A535 /* AppDelegate.swift in Sources */ = {isa = PBXBuildFile; fileRef = AD444276239F9AF00044A535 /* AppDelegate.swift */; };
		AD44427B239F9AF00044A535 /* ViewController.swift in Sources */ = {isa = PBXBuildFile; fileRef = AD44427A239F9AF00044A535 /* ViewController.swift */; };
		AD44427E239F9AF00044A535 /* Main.storyboard in Resources */ = {isa = PBXBuildFile; fileRef = AD44427C239F9AF00044A535 /* Main.storyboard */; };
		AD444280239F9AF20044A535 /* Assets.xcassets in Resources */ = {isa = PBXBuildFile; fileRef = AD44427F239F9AF20044A535 /* Assets.xcassets */; };
		AD444283239F9AF20044A535 /* LaunchScreen.storyboard in Resources */ = {isa = PBXBuildFile; fileRef = AD444281239F9AF20044A535 /* LaunchScreen.storyboard */; };
		AD444293239F9D060044A535 /* Client.swift in Sources */ = {isa = PBXBuildFile; fileRef = AD444292239F9D060044A535 /* Client.swift */; };
		AD444297239F9F120044A535 /* ImageCollectionViewCell.swift in Sources */ = {isa = PBXBuildFile; fileRef = AD444295239F9F120044A535 /* ImageCollectionViewCell.swift */; };
		AD444298239F9F120044A535 /* ImageCollectionViewCell.xib in Resources */ = {isa = PBXBuildFile; fileRef = AD444296239F9F120044A535 /* ImageCollectionViewCell.xib */; };
		AD44429A239FA0130044A535 /* Statics.swift in Sources */ = {isa = PBXBuildFile; fileRef = AD444299239FA0130044A535 /* Statics.swift */; };
		AD44429D239FA4510044A535 /* Photos.swift in Sources */ = {isa = PBXBuildFile; fileRef = AD44429C239FA4510044A535 /* Photos.swift */; };
		AD4442A0239FA8580044A535 /* UIImageView.swift in Sources */ = {isa = PBXBuildFile; fileRef = AD44429F239FA8580044A535 /* UIImageView.swift */; };
		AD4442A3239FA9F20044A535 /* ImageDownloader.swift in Sources */ = {isa = PBXBuildFile; fileRef = AD4442A2239FA9F20044A535 /* ImageDownloader.swift */; };
		AD4442A5239FAA2A0044A535 /* ImageCache.swift in Sources */ = {isa = PBXBuildFile; fileRef = AD4442A4239FAA2A0044A535 /* ImageCache.swift */; };
		AD4442A7239FAA840044A535 /* Operation.swift in Sources */ = {isa = PBXBuildFile; fileRef = AD4442A6239FAA840044A535 /* Operation.swift */; };
		AD4442A9239FAAB80044A535 /* Manager.swift in Sources */ = {isa = PBXBuildFile; fileRef = AD4442A8239FAAB80044A535 /* Manager.swift */; };
		AD4442AB239FAAEC0044A535 /* Reachibility.swift in Sources */ = {isa = PBXBuildFile; fileRef = AD4442AA239FAAEC0044A535 /* Reachibility.swift */; };
		AD4442AD239FABD10044A535 /* Threads.swift in Sources */ = {isa = PBXBuildFile; fileRef = AD4442AC239FABD10044A535 /* Threads.swift */; };
		AD4442AF239FACC40044A535 /* Request.swift in Sources */ = {isa = PBXBuildFile; fileRef = AD4442AE239FACC40044A535 /* Request.swift */; };
		AD4442B1239FAD9C0044A535 /* Image.swift in Sources */ = {isa = PBXBuildFile; fileRef = AD4442B0239FAD9C0044A535 /* Image.swift */; };
		AD4442B3239FBAB30044A535 /* FlickrPhotos.swift in Sources */ = {isa = PBXBuildFile; fileRef = AD4442B2239FBAB30044A535 /* FlickrPhotos.swift */; };
		AD4442B5239FBB6B0044A535 /* SearchResults.swift in Sources */ = {isa = PBXBuildFile; fileRef = AD4442B4239FBB6B0044A535 /* SearchResults.swift */; };
		AD4442B7239FC5D00044A535 /* UIViewController.swift in Sources */ = {isa = PBXBuildFile; fileRef = AD4442B6239FC5D00044A535 /* UIViewController.swift */; };
		AD4442DD239FD91A0044A535 /* FlickrTests.swift in Sources */ = {isa = PBXBuildFile; fileRef = AD4442DC239FD91A0044A535 /* FlickrTests.swift */; };
		AD4442E0239FDB720044A535 /* ImageDownloader.swift in Sources */ = {isa = PBXBuildFile; fileRef = AD4442A2239FA9F20044A535 /* ImageDownloader.swift */; };
		AD4442E1239FDB720044A535 /* ImageCache.swift in Sources */ = {isa = PBXBuildFile; fileRef = AD4442A4239FAA2A0044A535 /* ImageCache.swift */; };
		AD4442E2239FDB720044A535 /* Operation.swift in Sources */ = {isa = PBXBuildFile; fileRef = AD4442A6239FAA840044A535 /* Operation.swift */; };
		AD4442E3239FDB720044A535 /* Manager.swift in Sources */ = {isa = PBXBuildFile; fileRef = AD4442A8239FAAB80044A535 /* Manager.swift */; };
		AD4442E4239FDB720044A535 /* Reachibility.swift in Sources */ = {isa = PBXBuildFile; fileRef = AD4442AA239FAAEC0044A535 /* Reachibility.swift */; };
		AD4442E5239FDB720044A535 /* Threads.swift in Sources */ = {isa = PBXBuildFile; fileRef = AD4442AC239FABD10044A535 /* Threads.swift */; };
		AD4442E6239FDB720044A535 /* Request.swift in Sources */ = {isa = PBXBuildFile; fileRef = AD4442AE239FACC40044A535 /* Request.swift */; };
		AD4442E7239FDB720044A535 /* UIImageView.swift in Sources */ = {isa = PBXBuildFile; fileRef = AD44429F239FA8580044A535 /* UIImageView.swift */; };
		AD4442E8239FDB720044A535 /* UIViewController.swift in Sources */ = {isa = PBXBuildFile; fileRef = AD4442B6239FC5D00044A535 /* UIViewController.swift */; };
		AD4442E9239FDB720044A535 /* Photos.swift in Sources */ = {isa = PBXBuildFile; fileRef = AD44429C239FA4510044A535 /* Photos.swift */; };
		AD4442EA239FDB720044A535 /* Image.swift in Sources */ = {isa = PBXBuildFile; fileRef = AD4442B0239FAD9C0044A535 /* Image.swift */; };
		AD4442EB239FDB720044A535 /* FlickrPhotos.swift in Sources */ = {isa = PBXBuildFile; fileRef = AD4442B2239FBAB30044A535 /* FlickrPhotos.swift */; };
		AD4442EC239FDB720044A535 /* SearchResults.swift in Sources */ = {isa = PBXBuildFile; fileRef = AD4442B4239FBB6B0044A535 /* SearchResults.swift */; };
		AD4442ED239FDB910044A535 /* ViewController.swift in Sources */ = {isa = PBXBuildFile; fileRef = AD44427A239F9AF00044A535 /* ViewController.swift */; };
		AD4442EE239FDC680044A535 /* AppDelegate.swift in Sources */ = {isa = PBXBuildFile; fileRef = AD444276239F9AF00044A535 /* AppDelegate.swift */; };
		AD4442EF239FDC7B0044A535 /* Statics.swift in Sources */ = {isa = PBXBuildFile; fileRef = AD444299239FA0130044A535 /* Statics.swift */; };
		AD4442F0239FDCA20044A535 /* ImageCollectionViewCell.swift in Sources */ = {isa = PBXBuildFile; fileRef = AD444295239F9F120044A535 /* ImageCollectionViewCell.swift */; };
		AD4442F1239FDCB00044A535 /* Client.swift in Sources */ = {isa = PBXBuildFile; fileRef = AD444292239F9D060044A535 /* Client.swift */; };
/* End PBXBuildFile section */

/* Begin PBXContainerItemProxy section */
		AD4442D7239FD8ED0044A535 /* PBXContainerItemProxy */ = {
			isa = PBXContainerItemProxy;
			containerPortal = AD44426B239F9AF00044A535 /* Project object */;
			proxyType = 1;
			remoteGlobalIDString = AD444272239F9AF00044A535;
			remoteInfo = Flickr;
		};
/* End PBXContainerItemProxy section */

/* Begin PBXFileReference section */
		AD444273239F9AF00044A535 /* Flickr.app */ = {isa = PBXFileReference; explicitFileType = wrapper.application; includeInIndex = 0; path = Flickr.app; sourceTree = BUILT_PRODUCTS_DIR; };
		AD444276239F9AF00044A535 /* AppDelegate.swift */ = {isa = PBXFileReference; lastKnownFileType = sourcecode.swift; path = AppDelegate.swift; sourceTree = "<group>"; };
		AD44427A239F9AF00044A535 /* ViewController.swift */ = {isa = PBXFileReference; lastKnownFileType = sourcecode.swift; path = ViewController.swift; sourceTree = "<group>"; };
		AD44427D239F9AF00044A535 /* Base */ = {isa = PBXFileReference; lastKnownFileType = file.storyboard; name = Base; path = Base.lproj/Main.storyboard; sourceTree = "<group>"; };
		AD44427F239F9AF20044A535 /* Assets.xcassets */ = {isa = PBXFileReference; lastKnownFileType = folder.assetcatalog; path = Assets.xcassets; sourceTree = "<group>"; };
		AD444282239F9AF20044A535 /* Base */ = {isa = PBXFileReference; lastKnownFileType = file.storyboard; name = Base; path = Base.lproj/LaunchScreen.storyboard; sourceTree = "<group>"; };
		AD444284239F9AF20044A535 /* Info.plist */ = {isa = PBXFileReference; lastKnownFileType = text.plist.xml; path = Info.plist; sourceTree = "<group>"; };
		AD444292239F9D060044A535 /* Client.swift */ = {isa = PBXFileReference; lastKnownFileType = sourcecode.swift; path = Client.swift; sourceTree = "<group>"; };
		AD444295239F9F120044A535 /* ImageCollectionViewCell.swift */ = {isa = PBXFileReference; lastKnownFileType = sourcecode.swift; path = ImageCollectionViewCell.swift; sourceTree = "<group>"; };
		AD444296239F9F120044A535 /* ImageCollectionViewCell.xib */ = {isa = PBXFileReference; lastKnownFileType = file.xib; path = ImageCollectionViewCell.xib; sourceTree = "<group>"; };
		AD444299239FA0130044A535 /* Statics.swift */ = {isa = PBXFileReference; lastKnownFileType = sourcecode.swift; path = Statics.swift; sourceTree = "<group>"; };
		AD44429C239FA4510044A535 /* Photos.swift */ = {isa = PBXFileReference; lastKnownFileType = sourcecode.swift; path = Photos.swift; sourceTree = "<group>"; };
		AD44429F239FA8580044A535 /* UIImageView.swift */ = {isa = PBXFileReference; lastKnownFileType = sourcecode.swift; path = UIImageView.swift; sourceTree = "<group>"; };
		AD4442A2239FA9F20044A535 /* ImageDownloader.swift */ = {isa = PBXFileReference; lastKnownFileType = sourcecode.swift; path = ImageDownloader.swift; sourceTree = "<group>"; };
		AD4442A4239FAA2A0044A535 /* ImageCache.swift */ = {isa = PBXFileReference; lastKnownFileType = sourcecode.swift; path = ImageCache.swift; sourceTree = "<group>"; };
		AD4442A6239FAA840044A535 /* Operation.swift */ = {isa = PBXFileReference; lastKnownFileType = sourcecode.swift; path = Operation.swift; sourceTree = "<group>"; };
		AD4442A8239FAAB80044A535 /* Manager.swift */ = {isa = PBXFileReference; lastKnownFileType = sourcecode.swift; path = Manager.swift; sourceTree = "<group>"; };
		AD4442AA239FAAEC0044A535 /* Reachibility.swift */ = {isa = PBXFileReference; lastKnownFileType = sourcecode.swift; path = Reachibility.swift; sourceTree = "<group>"; };
		AD4442AC239FABD10044A535 /* Threads.swift */ = {isa = PBXFileReference; lastKnownFileType = sourcecode.swift; path = Threads.swift; sourceTree = "<group>"; };
		AD4442AE239FACC40044A535 /* Request.swift */ = {isa = PBXFileReference; lastKnownFileType = sourcecode.swift; path = Request.swift; sourceTree = "<group>"; };
		AD4442B0239FAD9C0044A535 /* Image.swift */ = {isa = PBXFileReference; lastKnownFileType = sourcecode.swift; path = Image.swift; sourceTree = "<group>"; };
		AD4442B2239FBAB30044A535 /* FlickrPhotos.swift */ = {isa = PBXFileReference; lastKnownFileType = sourcecode.swift; path = FlickrPhotos.swift; sourceTree = "<group>"; };
		AD4442B4239FBB6B0044A535 /* SearchResults.swift */ = {isa = PBXFileReference; lastKnownFileType = sourcecode.swift; path = SearchResults.swift; sourceTree = "<group>"; };
		AD4442B6239FC5D00044A535 /* UIViewController.swift */ = {isa = PBXFileReference; lastKnownFileType = sourcecode.swift; path = UIViewController.swift; sourceTree = "<group>"; };
		AD4442D2239FD8ED0044A535 /* FlickrTests.xctest */ = {isa = PBXFileReference; explicitFileType = wrapper.cfbundle; includeInIndex = 0; path = FlickrTests.xctest; sourceTree = BUILT_PRODUCTS_DIR; };
		AD4442DC239FD91A0044A535 /* FlickrTests.swift */ = {isa = PBXFileReference; fileEncoding = 4; lastKnownFileType = sourcecode.swift; path = FlickrTests.swift; sourceTree = "<group>"; };
		AD4442DE239FD92B0044A535 /* Info.plist */ = {isa = PBXFileReference; fileEncoding = 4; lastKnownFileType = text.plist.xml; path = Info.plist; sourceTree = "<group>"; };
/* End PBXFileReference section */

/* Begin PBXFrameworksBuildPhase section */
		AD444270239F9AF00044A535 /* Frameworks */ = {
			isa = PBXFrameworksBuildPhase;
			buildActionMask = 2147483647;
			files = (
			);
			runOnlyForDeploymentPostprocessing = 0;
		};
		AD4442CF239FD8ED0044A535 /* Frameworks */ = {
			isa = PBXFrameworksBuildPhase;
			buildActionMask = 2147483647;
			files = (
			);
			runOnlyForDeploymentPostprocessing = 0;
		};
/* End PBXFrameworksBuildPhase section */

/* Begin PBXGroup section */
		AD44426A239F9AF00044A535 = {
			isa = PBXGroup;
			children = (
				AD444275239F9AF00044A535 /* Flickr */,
				AD4442D3239FD8ED0044A535 /* FlickrTests */,
				AD444274239F9AF00044A535 /* Products */,
			);
			sourceTree = "<group>";
		};
		AD444274239F9AF00044A535 /* Products */ = {
			isa = PBXGroup;
			children = (
				AD444273239F9AF00044A535 /* Flickr.app */,
				AD4442D2239FD8ED0044A535 /* FlickrTests.xctest */,
			);
			name = Products;
			sourceTree = "<group>";
		};
		AD444275239F9AF00044A535 /* Flickr */ = {
			isa = PBXGroup;
			children = (
				AD444291239F9CF80044A535 /* API Client */,
				AD44428B239F9C230044A535 /* Storyboards */,
				AD44428A239F9C1C0044A535 /* ViewControllers */,
				AD444290239F9C5C0044A535 /* Resources */,
			);
			path = Flickr;
			sourceTree = "<group>";
		};
		AD44428A239F9C1C0044A535 /* ViewControllers */ = {
			isa = PBXGroup;
			children = (
				AD44428C239F9C2D0044A535 /* AppDelegate */,
				AD44428D239F9C340044A535 /* Main */,
			);
			path = ViewControllers;
			sourceTree = "<group>";
		};
		AD44428B239F9C230044A535 /* Storyboards */ = {
			isa = PBXGroup;
			children = (
				AD44428E239F9C510044A535 /* Main */,
				AD44428F239F9C550044A535 /* Splash */,
			);
			path = Storyboards;
			sourceTree = "<group>";
		};
		AD44428C239F9C2D0044A535 /* AppDelegate */ = {
			isa = PBXGroup;
			children = (
				AD444276239F9AF00044A535 /* AppDelegate.swift */,
			);
			path = AppDelegate;
			sourceTree = "<group>";
		};
		AD44428D239F9C340044A535 /* Main */ = {
			isa = PBXGroup;
			children = (
				AD444294239F9EFD0044A535 /* Cells */,
				AD44427A239F9AF00044A535 /* ViewController.swift */,
			);
			path = Main;
			sourceTree = "<group>";
		};
		AD44428E239F9C510044A535 /* Main */ = {
			isa = PBXGroup;
			children = (
				AD44427C239F9AF00044A535 /* Main.storyboard */,
			);
			path = Main;
			sourceTree = "<group>";
		};
		AD44428F239F9C550044A535 /* Splash */ = {
			isa = PBXGroup;
			children = (
				AD444281239F9AF20044A535 /* LaunchScreen.storyboard */,
			);
			path = Splash;
			sourceTree = "<group>";
		};
		AD444290239F9C5C0044A535 /* Resources */ = {
			isa = PBXGroup;
			children = (
				AD4442A1239FA9DB0044A535 /* NetworkManager */,
				AD44429E239FA84C0044A535 /* Extensions */,
				AD44429B239FA4430044A535 /* Custom Files */,
				AD44427F239F9AF20044A535 /* Assets.xcassets */,
				AD444284239F9AF20044A535 /* Info.plist */,
				AD444299239FA0130044A535 /* Statics.swift */,
			);
			path = Resources;
			sourceTree = "<group>";
		};
		AD444291239F9CF80044A535 /* API Client */ = {
			isa = PBXGroup;
			children = (
				AD444292239F9D060044A535 /* Client.swift */,
			);
			path = "API Client";
			sourceTree = "<group>";
		};
		AD444294239F9EFD0044A535 /* Cells */ = {
			isa = PBXGroup;
			children = (
				AD444295239F9F120044A535 /* ImageCollectionViewCell.swift */,
				AD444296239F9F120044A535 /* ImageCollectionViewCell.xib */,
			);
			path = Cells;
			sourceTree = "<group>";
		};
		AD44429B239FA4430044A535 /* Custom Files */ = {
			isa = PBXGroup;
			children = (
				AD44429C239FA4510044A535 /* Photos.swift */,
				AD4442B0239FAD9C0044A535 /* Image.swift */,
				AD4442B2239FBAB30044A535 /* FlickrPhotos.swift */,
				AD4442B4239FBB6B0044A535 /* SearchResults.swift */,
			);
			path = "Custom Files";
			sourceTree = "<group>";
		};
		AD44429E239FA84C0044A535 /* Extensions */ = {
			isa = PBXGroup;
			children = (
				AD44429F239FA8580044A535 /* UIImageView.swift */,
				AD4442B6239FC5D00044A535 /* UIViewController.swift */,
			);
			path = Extensions;
			sourceTree = "<group>";
		};
		AD4442A1239FA9DB0044A535 /* NetworkManager */ = {
			isa = PBXGroup;
			children = (
				AD4442A2239FA9F20044A535 /* ImageDownloader.swift */,
				AD4442A4239FAA2A0044A535 /* ImageCache.swift */,
				AD4442A6239FAA840044A535 /* Operation.swift */,
				AD4442A8239FAAB80044A535 /* Manager.swift */,
				AD4442AA239FAAEC0044A535 /* Reachibility.swift */,
				AD4442AC239FABD10044A535 /* Threads.swift */,
				AD4442AE239FACC40044A535 /* Request.swift */,
			);
			path = NetworkManager;
			sourceTree = "<group>";
		};
		AD4442D3239FD8ED0044A535 /* FlickrTests */ = {
			isa = PBXGroup;
			children = (
				AD4442DC239FD91A0044A535 /* FlickrTests.swift */,
				AD4442DE239FD92B0044A535 /* Info.plist */,
			);
			path = FlickrTests;
			sourceTree = "<group>";
		};
/* End PBXGroup section */

/* Begin PBXNativeTarget section */
		AD444272239F9AF00044A535 /* Flickr */ = {
			isa = PBXNativeTarget;
			buildConfigurationList = AD444287239F9AF20044A535 /* Build configuration list for PBXNativeTarget "Flickr" */;
			buildPhases = (
				AD44426F239F9AF00044A535 /* Sources */,
				AD444270239F9AF00044A535 /* Frameworks */,
				AD444271239F9AF00044A535 /* Resources */,
			);
			buildRules = (
			);
			dependencies = (
			);
			name = Flickr;
			productName = Flickr;
			productReference = AD444273239F9AF00044A535 /* Flickr.app */;
			productType = "com.apple.product-type.application";
		};
		AD4442D1239FD8ED0044A535 /* FlickrTests */ = {
			isa = PBXNativeTarget;
			buildConfigurationList = AD4442D9239FD8ED0044A535 /* Build configuration list for PBXNativeTarget "FlickrTests" */;
			buildPhases = (
				AD4442CE239FD8ED0044A535 /* Sources */,
				AD4442CF239FD8ED0044A535 /* Frameworks */,
				AD4442D0239FD8ED0044A535 /* Resources */,
			);
			buildRules = (
			);
			dependencies = (
				AD4442D8239FD8ED0044A535 /* PBXTargetDependency */,
			);
			name = FlickrTests;
			productName = FlickrTests;
			productReference = AD4442D2239FD8ED0044A535 /* FlickrTests.xctest */;
			productType = "com.apple.product-type.bundle.unit-test";
		};
/* End PBXNativeTarget section */

/* Begin PBXProject section */
		AD44426B239F9AF00044A535 /* Project object */ = {
			isa = PBXProject;
			attributes = {
				LastSwiftUpdateCheck = 1120;
				LastUpgradeCheck = 1120;
				ORGANIZATIONNAME = "Khatib Designs";
				TargetAttributes = {
					AD444272239F9AF00044A535 = {
						CreatedOnToolsVersion = 11.2.1;
					};
					AD4442D1239FD8ED0044A535 = {
						CreatedOnToolsVersion = 11.2.1;
						TestTargetID = AD444272239F9AF00044A535;
					};
				};
			};
			buildConfigurationList = AD44426E239F9AF00044A535 /* Build configuration list for PBXProject "Flickr" */;
			compatibilityVersion = "Xcode 9.3";
			developmentRegion = en;
			hasScannedForEncodings = 0;
			knownRegions = (
				en,
				Base,
			);
			mainGroup = AD44426A239F9AF00044A535;
			productRefGroup = AD444274239F9AF00044A535 /* Products */;
			projectDirPath = "";
			projectRoot = "";
			targets = (
				AD444272239F9AF00044A535 /* Flickr */,
				AD4442D1239FD8ED0044A535 /* FlickrTests */,
			);
		};
/* End PBXProject section */

/* Begin PBXResourcesBuildPhase section */
		AD444271239F9AF00044A535 /* Resources */ = {
			isa = PBXResourcesBuildPhase;
			buildActionMask = 2147483647;
			files = (
				AD444283239F9AF20044A535 /* LaunchScreen.storyboard in Resources */,
				AD444280239F9AF20044A535 /* Assets.xcassets in Resources */,
				AD444298239F9F120044A535 /* ImageCollectionViewCell.xib in Resources */,
				AD44427E239F9AF00044A535 /* Main.storyboard in Resources */,
			);
			runOnlyForDeploymentPostprocessing = 0;
		};
		AD4442D0239FD8ED0044A535 /* Resources */ = {
			isa = PBXResourcesBuildPhase;
			buildActionMask = 2147483647;
			files = (
			);
			runOnlyForDeploymentPostprocessing = 0;
		};
/* End PBXResourcesBuildPhase section */

/* Begin PBXSourcesBuildPhase section */
		AD44426F239F9AF00044A535 /* Sources */ = {
			isa = PBXSourcesBuildPhase;
			buildActionMask = 2147483647;
			files = (
				AD44429D239FA4510044A535 /* Photos.swift in Sources */,
				AD44427B239F9AF00044A535 /* ViewController.swift in Sources */,
				AD4442B7239FC5D00044A535 /* UIViewController.swift in Sources */,
				AD4442AB239FAAEC0044A535 /* Reachibility.swift in Sources */,
				AD4442B5239FBB6B0044A535 /* SearchResults.swift in Sources */,
				AD4442AD239FABD10044A535 /* Threads.swift in Sources */,
				AD4442B1239FAD9C0044A535 /* Image.swift in Sources */,
				AD4442B3239FBAB30044A535 /* FlickrPhotos.swift in Sources */,
				AD4442A3239FA9F20044A535 /* ImageDownloader.swift in Sources */,
				AD4442A7239FAA840044A535 /* Operation.swift in Sources */,
				AD4442A5239FAA2A0044A535 /* ImageCache.swift in Sources */,
				AD4442A0239FA8580044A535 /* UIImageView.swift in Sources */,
				AD444277239F9AF00044A535 /* AppDelegate.swift in Sources */,
				AD44429A239FA0130044A535 /* Statics.swift in Sources */,
				AD4442A9239FAAB80044A535 /* Manager.swift in Sources */,
				AD4442AF239FACC40044A535 /* Request.swift in Sources */,
				AD444297239F9F120044A535 /* ImageCollectionViewCell.swift in Sources */,
				AD444293239F9D060044A535 /* Client.swift in Sources */,
			);
			runOnlyForDeploymentPostprocessing = 0;
		};
		AD4442CE239FD8ED0044A535 /* Sources */ = {
			isa = PBXSourcesBuildPhase;
			buildActionMask = 2147483647;
			files = (
				AD4442E9239FDB720044A535 /* Photos.swift in Sources */,
				AD4442ED239FDB910044A535 /* ViewController.swift in Sources */,
				AD4442E8239FDB720044A535 /* UIViewController.swift in Sources */,
				AD4442E4239FDB720044A535 /* Reachibility.swift in Sources */,
				AD4442EC239FDB720044A535 /* SearchResults.swift in Sources */,
				AD4442E5239FDB720044A535 /* Threads.swift in Sources */,
				AD4442EA239FDB720044A535 /* Image.swift in Sources */,
				AD4442EB239FDB720044A535 /* FlickrPhotos.swift in Sources */,
				AD4442E0239FDB720044A535 /* ImageDownloader.swift in Sources */,
				AD4442E2239FDB720044A535 /* Operation.swift in Sources */,
				AD4442E1239FDB720044A535 /* ImageCache.swift in Sources */,
				AD4442E7239FDB720044A535 /* UIImageView.swift in Sources */,
				AD4442EE239FDC680044A535 /* AppDelegate.swift in Sources */,
				AD4442EF239FDC7B0044A535 /* Statics.swift in Sources */,
				AD4442E3239FDB720044A535 /* Manager.swift in Sources */,
				AD4442E6239FDB720044A535 /* Request.swift in Sources */,
				AD4442F0239FDCA20044A535 /* ImageCollectionViewCell.swift in Sources */,
				AD4442F1239FDCB00044A535 /* Client.swift in Sources */,
				AD4442DD239FD91A0044A535 /* FlickrTests.swift in Sources */,
			);
			runOnlyForDeploymentPostprocessing = 0;
		};
/* End PBXSourcesBuildPhase section */

/* Begin PBXTargetDependency section */
		AD4442D8239FD8ED0044A535 /* PBXTargetDependency */ = {
			isa = PBXTargetDependency;
			target = AD444272239F9AF00044A535 /* Flickr */;
			targetProxy = AD4442D7239FD8ED0044A535 /* PBXContainerItemProxy */;
		};
/* End PBXTargetDependency section */

/* Begin PBXVariantGroup section */
		AD44427C239F9AF00044A535 /* Main.storyboard */ = {
			isa = PBXVariantGroup;
			children = (
				AD44427D239F9AF00044A535 /* Base */,
			);
			name = Main.storyboard;
			sourceTree = "<group>";
		};
		AD444281239F9AF20044A535 /* LaunchScreen.storyboard */ = {
			isa = PBXVariantGroup;
			children = (
				AD444282239F9AF20044A535 /* Base */,
			);
			name = LaunchScreen.storyboard;
			sourceTree = "<group>";
		};
/* End PBXVariantGroup section */

/* Begin XCBuildConfiguration section */
		AD444285239F9AF20044A535 /* Debug */ = {
			isa = XCBuildConfiguration;
			buildSettings = {
				ALWAYS_SEARCH_USER_PATHS = NO;
				CLANG_ANALYZER_NONNULL = YES;
				CLANG_ANALYZER_NUMBER_OBJECT_CONVERSION = YES_AGGRESSIVE;
				CLANG_CXX_LANGUAGE_STANDARD = "gnu++14";
				CLANG_CXX_LIBRARY = "libc++";
				CLANG_ENABLE_MODULES = YES;
				CLANG_ENABLE_OBJC_ARC = YES;
				CLANG_ENABLE_OBJC_WEAK = YES;
				CLANG_WARN_BLOCK_CAPTURE_AUTORELEASING = YES;
				CLANG_WARN_BOOL_CONVERSION = YES;
				CLANG_WARN_COMMA = YES;
				CLANG_WARN_CONSTANT_CONVERSION = YES;
				CLANG_WARN_DEPRECATED_OBJC_IMPLEMENTATIONS = YES;
				CLANG_WARN_DIRECT_OBJC_ISA_USAGE = YES_ERROR;
				CLANG_WARN_DOCUMENTATION_COMMENTS = YES;
				CLANG_WARN_EMPTY_BODY = YES;
				CLANG_WARN_ENUM_CONVERSION = YES;
				CLANG_WARN_INFINITE_RECURSION = YES;
				CLANG_WARN_INT_CONVERSION = YES;
				CLANG_WARN_NON_LITERAL_NULL_CONVERSION = YES;
				CLANG_WARN_OBJC_IMPLICIT_RETAIN_SELF = YES;
				CLANG_WARN_OBJC_LITERAL_CONVERSION = YES;
				CLANG_WARN_OBJC_ROOT_CLASS = YES_ERROR;
				CLANG_WARN_RANGE_LOOP_ANALYSIS = YES;
				CLANG_WARN_STRICT_PROTOTYPES = YES;
				CLANG_WARN_SUSPICIOUS_MOVE = YES;
				CLANG_WARN_UNGUARDED_AVAILABILITY = YES_AGGRESSIVE;
				CLANG_WARN_UNREACHABLE_CODE = YES;
				CLANG_WARN__DUPLICATE_METHOD_MATCH = YES;
				COPY_PHASE_STRIP = NO;
				DEBUG_INFORMATION_FORMAT = dwarf;
				ENABLE_STRICT_OBJC_MSGSEND = YES;
				ENABLE_TESTABILITY = YES;
				GCC_C_LANGUAGE_STANDARD = gnu11;
				GCC_DYNAMIC_NO_PIC = NO;
				GCC_NO_COMMON_BLOCKS = YES;
				GCC_OPTIMIZATION_LEVEL = 0;
				GCC_PREPROCESSOR_DEFINITIONS = (
					"DEBUG=1",
					"$(inherited)",
				);
				GCC_WARN_64_TO_32_BIT_CONVERSION = YES;
				GCC_WARN_ABOUT_RETURN_TYPE = YES_ERROR;
				GCC_WARN_UNDECLARED_SELECTOR = YES;
				GCC_WARN_UNINITIALIZED_AUTOS = YES_AGGRESSIVE;
				GCC_WARN_UNUSED_FUNCTION = YES;
				GCC_WARN_UNUSED_VARIABLE = YES;
				IPHONEOS_DEPLOYMENT_TARGET = 13.2;
				MTL_ENABLE_DEBUG_INFO = INCLUDE_SOURCE;
				MTL_FAST_MATH = YES;
				ONLY_ACTIVE_ARCH = YES;
				SDKROOT = iphoneos;
				SWIFT_ACTIVE_COMPILATION_CONDITIONS = DEBUG;
				SWIFT_OPTIMIZATION_LEVEL = "-Onone";
			};
			name = Debug;
		};
		AD444286239F9AF20044A535 /* Release */ = {
			isa = XCBuildConfiguration;
			buildSettings = {
				ALWAYS_SEARCH_USER_PATHS = NO;
				CLANG_ANALYZER_NONNULL = YES;
				CLANG_ANALYZER_NUMBER_OBJECT_CONVERSION = YES_AGGRESSIVE;
				CLANG_CXX_LANGUAGE_STANDARD = "gnu++14";
				CLANG_CXX_LIBRARY = "libc++";
				CLANG_ENABLE_MODULES = YES;
				CLANG_ENABLE_OBJC_ARC = YES;
				CLANG_ENABLE_OBJC_WEAK = YES;
				CLANG_WARN_BLOCK_CAPTURE_AUTORELEASING = YES;
				CLANG_WARN_BOOL_CONVERSION = YES;
				CLANG_WARN_COMMA = YES;
				CLANG_WARN_CONSTANT_CONVERSION = YES;
				CLANG_WARN_DEPRECATED_OBJC_IMPLEMENTATIONS = YES;
				CLANG_WARN_DIRECT_OBJC_ISA_USAGE = YES_ERROR;
				CLANG_WARN_DOCUMENTATION_COMMENTS = YES;
				CLANG_WARN_EMPTY_BODY = YES;
				CLANG_WARN_ENUM_CONVERSION = YES;
				CLANG_WARN_INFINITE_RECURSION = YES;
				CLANG_WARN_INT_CONVERSION = YES;
				CLANG_WARN_NON_LITERAL_NULL_CONVERSION = YES;
				CLANG_WARN_OBJC_IMPLICIT_RETAIN_SELF = YES;
				CLANG_WARN_OBJC_LITERAL_CONVERSION = YES;
				CLANG_WARN_OBJC_ROOT_CLASS = YES_ERROR;
				CLANG_WARN_RANGE_LOOP_ANALYSIS = YES;
				CLANG_WARN_STRICT_PROTOTYPES = YES;
				CLANG_WARN_SUSPICIOUS_MOVE = YES;
				CLANG_WARN_UNGUARDED_AVAILABILITY = YES_AGGRESSIVE;
				CLANG_WARN_UNREACHABLE_CODE = YES;
				CLANG_WARN__DUPLICATE_METHOD_MATCH = YES;
				COPY_PHASE_STRIP = NO;
				DEBUG_INFORMATION_FORMAT = "dwarf-with-dsym";
				ENABLE_NS_ASSERTIONS = NO;
				ENABLE_STRICT_OBJC_MSGSEND = YES;
				GCC_C_LANGUAGE_STANDARD = gnu11;
				GCC_NO_COMMON_BLOCKS = YES;
				GCC_WARN_64_TO_32_BIT_CONVERSION = YES;
				GCC_WARN_ABOUT_RETURN_TYPE = YES_ERROR;
				GCC_WARN_UNDECLARED_SELECTOR = YES;
				GCC_WARN_UNINITIALIZED_AUTOS = YES_AGGRESSIVE;
				GCC_WARN_UNUSED_FUNCTION = YES;
				GCC_WARN_UNUSED_VARIABLE = YES;
				IPHONEOS_DEPLOYMENT_TARGET = 13.2;
				MTL_ENABLE_DEBUG_INFO = NO;
				MTL_FAST_MATH = YES;
				SDKROOT = iphoneos;
				SWIFT_COMPILATION_MODE = wholemodule;
				SWIFT_OPTIMIZATION_LEVEL = "-O";
				VALIDATE_PRODUCT = YES;
			};
			name = Release;
		};
		AD444288239F9AF20044A535 /* Debug */ = {
			isa = XCBuildConfiguration;
			buildSettings = {
				ASSETCATALOG_COMPILER_APPICON_NAME = AppIcon;
				CODE_SIGN_STYLE = Automatic;
				DEVELOPMENT_TEAM = 49UBS76LB7;
				INFOPLIST_FILE = Flickr/Resources/Info.plist;
				IPHONEOS_DEPLOYMENT_TARGET = 11.0;
				LD_RUNPATH_SEARCH_PATHS = (
					"$(inherited)",
					"@executable_path/Frameworks",
				);
				PRODUCT_BUNDLE_IDENTIFIER = com.khatibdesigns.Flickr;
				PRODUCT_NAME = "$(TARGET_NAME)";
				SWIFT_VERSION = 5.0;
				TARGETED_DEVICE_FAMILY = 1;
			};
			name = Debug;
		};
		AD444289239F9AF20044A535 /* Release */ = {
			isa = XCBuildConfiguration;
			buildSettings = {
				ASSETCATALOG_COMPILER_APPICON_NAME = AppIcon;
				CODE_SIGN_STYLE = Automatic;
				DEVELOPMENT_TEAM = 49UBS76LB7;
				INFOPLIST_FILE = Flickr/Resources/Info.plist;
				IPHONEOS_DEPLOYMENT_TARGET = 11.0;
				LD_RUNPATH_SEARCH_PATHS = (
					"$(inherited)",
					"@executable_path/Frameworks",
				);
				PRODUCT_BUNDLE_IDENTIFIER = com.khatibdesigns.Flickr;
				PRODUCT_NAME = "$(TARGET_NAME)";
				SWIFT_VERSION = 5.0;
				TARGETED_DEVICE_FAMILY = 1;
			};
			name = Release;
		};
		AD4442DA239FD8ED0044A535 /* Debug */ = {
			isa = XCBuildConfiguration;
			buildSettings = {
				BUNDLE_LOADER = "$(TEST_HOST)";
				CODE_SIGN_STYLE = Automatic;
				DEVELOPMENT_TEAM = 49UBS76LB7;
				INFOPLIST_FILE = FlickrTests/Info.plist;
				LD_RUNPATH_SEARCH_PATHS = (
					"$(inherited)",
					"@executable_path/Frameworks",
					"@loader_path/Frameworks",
				);
				PRODUCT_BUNDLE_IDENTIFIER = com.khatibdesigns.FlickrTests;
				PRODUCT_NAME = "$(TARGET_NAME)";
				SWIFT_VERSION = 5.0;
				TARGETED_DEVICE_FAMILY = "1,2";
				TEST_HOST = "$(BUILT_PRODUCTS_DIR)/Flickr.app/Flickr";
			};
			name = Debug;
		};
		AD4442DB239FD8ED0044A535 /* Release */ = {
			isa = XCBuildConfiguration;
			buildSettings = {
				BUNDLE_LOADER = "$(TEST_HOST)";
				CODE_SIGN_STYLE = Automatic;
				DEVELOPMENT_TEAM = 49UBS76LB7;
				INFOPLIST_FILE = FlickrTests/Info.plist;
				LD_RUNPATH_SEARCH_PATHS = (
					"$(inherited)",
					"@executable_path/Frameworks",
					"@loader_path/Frameworks",
				);
				PRODUCT_BUNDLE_IDENTIFIER = com.khatibdesigns.FlickrTests;
				PRODUCT_NAME = "$(TARGET_NAME)";
				SWIFT_VERSION = 5.0;
				TARGETED_DEVICE_FAMILY = "1,2";
				TEST_HOST = "$(BUILT_PRODUCTS_DIR)/Flickr.app/Flickr";
			};
			name = Release;
		};
/* End XCBuildConfiguration section */

/* Begin XCConfigurationList section */
		AD44426E239F9AF00044A535 /* Build configuration list for PBXProject "Flickr" */ = {
			isa = XCConfigurationList;
			buildConfigurations = (
				AD444285239F9AF20044A535 /* Debug */,
				AD444286239F9AF20044A535 /* Release */,
			);
			defaultConfigurationIsVisible = 0;
			defaultConfigurationName = Release;
		};
		AD444287239F9AF20044A535 /* Build configuration list for PBXNativeTarget "Flickr" */ = {
			isa = XCConfigurationList;
			buildConfigurations = (
				AD444288239F9AF20044A535 /* Debug */,
				AD444289239F9AF20044A535 /* Release */,
			);
			defaultConfigurationIsVisible = 0;
			defaultConfigurationName = Release;
		};
		AD4442D9239FD8ED0044A535 /* Build configuration list for PBXNativeTarget "FlickrTests" */ = {
			isa = XCConfigurationList;
			buildConfigurations = (
				AD4442DA239FD8ED0044A535 /* Debug */,
				AD4442DB239FD8ED0044A535 /* Release */,
			);
			defaultConfigurationIsVisible = 0;
			defaultConfigurationName = Release;
		};
/* End XCConfigurationList section */
	};
	rootObject = AD44426B239F9AF00044A535 /* Project object */;
}
